PODS:
  - Anchorage (4.5.0)
  - BSText (1.1.2):
    - YYImage
  - Hero (1.6.1)
  - LookinServer (1.0.4)
  - MaLiang (2.9.2)
  - Realm (10.15.1):
    - Realm/Headers (= 10.15.1)
  - Realm/Headers (10.15.1)
  - RealmSwift (10.15.1):
    - Realm (= 10.15.1)
  - YYImage (1.0.4):
    - YYImage/Core (= 1.0.4)
  - YYImage/Core (1.0.4)

DEPENDENCIES:
  - Anchorage
  - BSText
  - Hero
  - LookinServer
  - MaLiang
  - RealmSwift (~> 10)

SPEC REPOS:
  trunk:
    - Anchorage
    - BSText
    - Hero
    - LookinServer
    - MaLiang
    - Realm
    - RealmSwift
    - YYImage

SPEC CHECKSUMS:
  Anchorage: 1961bc81c84aeed54ad7ffc697c50cd9de748ba6
  BSText: 70f0da93875c5f1dd6ab9e27fc22b1e50a41b66c
  Hero: 215865ba3ae41dd9bb08cd6c60a645529c6fc94b
  LookinServer: 743c1681771d0a8dcc38825325a080c3186404a5
  MaLiang: 7cf6c70e37577b5ec1b34add37fa6d58808f5451
  Realm: fbcbde2620d51623cc5b18e28f5b165c39abef52
  RealmSwift: e4bea8e42efad3d543aea23b56504069c6faaea2
  YYImage: 1e1b62a9997399593e4b9c4ecfbbabbf1d3f3b54

PODFILE CHECKSUM: 1c33b5ce42cdba9a7203a4849982c1852ade310a

COCOAPODS: 1.10.1
