// !$*UTF8*$!
{
	archiveVersion = 1;
	classes = {
	};
	objectVersion = 50;
	objects = {

/* Begin PBXBuildFile section */
		551F1C6926E76A3600DA7B3A /* Models.swift in Sources */ = {isa = PBXBuildFile; fileRef = 551F1C6826E76A3600DA7B3A /* Models.swift */; };
		551F1C6B26E76A4500DA7B3A /* Views.swift in Sources */ = {isa = PBXBuildFile; fileRef = 551F1C6A26E76A4500DA7B3A /* Views.swift */; };
		55A6638726D4F9E200DF68D2 /* AppDelegate.swift in Sources */ = {isa = PBXBuildFile; fileRef = 55A6638626D4F9E200DF68D2 /* AppDelegate.swift */; };
		55A6638926D4F9E200DF68D2 /* SceneDelegate.swift in Sources */ = {isa = PBXBuildFile; fileRef = 55A6638826D4F9E200DF68D2 /* SceneDelegate.swift */; };
		55A6638B26D4F9E200DF68D2 /* Controller.swift in Sources */ = {isa = PBXBuildFile; fileRef = 55A6638A26D4F9E200DF68D2 /* Controller.swift */; };
		55A6639026D4F9E400DF68D2 /* Assets.xcassets in Resources */ = {isa = PBXBuildFile; fileRef = 55A6638F26D4F9E400DF68D2 /* Assets.xcassets */; };
		55A6639326D4F9E400DF68D2 /* LaunchScreen.storyboard in Resources */ = {isa = PBXBuildFile; fileRef = 55A6639126D4F9E400DF68D2 /* LaunchScreen.storyboard */; };
/* End PBXBuildFile section */

/* Begin PBXFileReference section */
		551F1C6826E76A3600DA7B3A /* Models.swift */ = {isa = PBXFileReference; lastKnownFileType = sourcecode.swift; path = Models.swift; sourceTree = "<group>"; };
		551F1C6A26E76A4500DA7B3A /* Views.swift */ = {isa = PBXFileReference; lastKnownFileType = sourcecode.swift; path = Views.swift; sourceTree = "<group>"; };
		55A6638326D4F9E200DF68D2 /* Puzzle-Character.app */ = {isa = PBXFileReference; explicitFileType = wrapper.application; includeInIndex = 0; path = "Puzzle-Character.app"; sourceTree = BUILT_PRODUCTS_DIR; };
		55A6638626D4F9E200DF68D2 /* AppDelegate.swift */ = {isa = PBXFileReference; lastKnownFileType = sourcecode.swift; path = AppDelegate.swift; sourceTree = "<group>"; };
		55A6638826D4F9E200DF68D2 /* SceneDelegate.swift */ = {isa = PBXFileReference; lastKnownFileType = sourcecode.swift; path = SceneDelegate.swift; sourceTree = "<group>"; };
		55A6638A26D4F9E200DF68D2 /* Controller.swift */ = {isa = PBXFileReference; lastKnownFileType = sourcecode.swift; path = Controller.swift; sourceTree = "<group>"; };
		55A6638F26D4F9E400DF68D2 /* Assets.xcassets */ = {isa = PBXFileReference; lastKnownFileType = folder.assetcatalog; path = Assets.xcassets; sourceTree = "<group>"; };
		55A6639226D4F9E400DF68D2 /* Base */ = {isa = PBXFileReference; lastKnownFileType = file.storyboard; name = Base; path = Base.lproj/LaunchScreen.storyboard; sourceTree = "<group>"; };
		55A6639426D4F9E400DF68D2 /* Info.plist */ = {isa = PBXFileReference; lastKnownFileType = text.plist.xml; path = Info.plist; sourceTree = "<group>"; };
/* End PBXFileReference section */

/* Begin PBXFrameworksBuildPhase section */
		55A6638026D4F9E200DF68D2 /* Frameworks */ = {
			isa = PBXFrameworksBuildPhase;
			buildActionMask = 2147483647;
			files = (
			);
			runOnlyForDeploymentPostprocessing = 0;
		};
/* End PBXFrameworksBuildPhase section */

/* Begin PBXGroup section */
		551F1C6C26E76A6200DA7B3A /* MVC */ = {
			isa = PBXGroup;
			children = (
				55A6638A26D4F9E200DF68D2 /* Controller.swift */,
				551F1C6826E76A3600DA7B3A /* Models.swift */,
				551F1C6A26E76A4500DA7B3A /* Views.swift */,
			);
			path = MVC;
			sourceTree = "<group>";
		};
		551F1C6D26E76AAA00DA7B3A /* Delegate */ = {
			isa = PBXGroup;
			children = (
				55A6638626D4F9E200DF68D2 /* AppDelegate.swift */,
				55A6638826D4F9E200DF68D2 /* SceneDelegate.swift */,
			);
			path = Delegate;
			sourceTree = "<group>";
		};
		55A6637A26D4F9E200DF68D2 = {
			isa = PBXGroup;
			children = (
				55A6638526D4F9E200DF68D2 /* Puzzle-Character */,
				55A6638426D4F9E200DF68D2 /* Products */,
			);
			sourceTree = "<group>";
		};
		55A6638426D4F9E200DF68D2 /* Products */ = {
			isa = PBXGroup;
			children = (
				55A6638326D4F9E200DF68D2 /* Puzzle-Character.app */,
			);
			name = Products;
			sourceTree = "<group>";
		};
		55A6638526D4F9E200DF68D2 /* Puzzle-Character */ = {
			isa = PBXGroup;
			children = (
				551F1C6D26E76AAA00DA7B3A /* Delegate */,
				551F1C6C26E76A6200DA7B3A /* MVC */,
				55A6638F26D4F9E400DF68D2 /* Assets.xcassets */,
				55A6639126D4F9E400DF68D2 /* LaunchScreen.storyboard */,
				55A6639426D4F9E400DF68D2 /* Info.plist */,
			);
			path = "Puzzle-Character";
			sourceTree = "<group>";
		};
/* End PBXGroup section */

/* Begin PBXNativeTarget section */
		55A6638226D4F9E200DF68D2 /* Puzzle-Character */ = {
			isa = PBXNativeTarget;
			buildConfigurationList = 55A6639726D4F9E400DF68D2 /* Build configuration list for PBXNativeTarget "Puzzle-Character" */;
			buildPhases = (
				55A6637F26D4F9E200DF68D2 /* Sources */,
				55A6638026D4F9E200DF68D2 /* Frameworks */,
				55A6638126D4F9E200DF68D2 /* Resources */,
			);
			buildRules = (
			);
			dependencies = (
			);
			name = "Puzzle-Character";
			productName = "Puzzle-Character";
			productReference = 55A6638326D4F9E200DF68D2 /* Puzzle-Character.app */;
			productType = "com.apple.product-type.application";
		};
/* End PBXNativeTarget section */

/* Begin PBXProject section */
		55A6637B26D4F9E200DF68D2 /* Project object */ = {
			isa = PBXProject;
			attributes = {
				LastSwiftUpdateCheck = 1250;
				LastUpgradeCheck = 1250;
				TargetAttributes = {
					55A6638226D4F9E200DF68D2 = {
						CreatedOnToolsVersion = 12.5;
					};
				};
			};
			buildConfigurationList = 55A6637E26D4F9E200DF68D2 /* Build configuration list for PBXProject "Puzzle-Character" */;
			compatibilityVersion = "Xcode 9.3";
			developmentRegion = en;
			hasScannedForEncodings = 0;
			knownRegions = (
				en,
				Base,
			);
			mainGroup = 55A6637A26D4F9E200DF68D2;
			productRefGroup = 55A6638426D4F9E200DF68D2 /* Products */;
			projectDirPath = "";
			projectRoot = "";
			targets = (
				55A6638226D4F9E200DF68D2 /* Puzzle-Character */,
			);
		};
/* End PBXProject section */

/* Begin PBXResourcesBuildPhase section */
		55A6638126D4F9E200DF68D2 /* Resources */ = {
			isa = PBXResourcesBuildPhase;
			buildActionMask = 2147483647;
			files = (
				55A6639326D4F9E400DF68D2 /* LaunchScreen.storyboard in Resources */,
				55A6639026D4F9E400DF68D2 /* Assets.xcassets in Resources */,
			);
			runOnlyForDeploymentPostprocessing = 0;
		};
/* End PBXResourcesBuildPhase section */

/* Begin PBXSourcesBuildPhase section */
		55A6637F26D4F9E200DF68D2 /* Sources */ = {
			isa = PBXSourcesBuildPhase;
			buildActionMask = 2147483647;
			files = (
				55A6638B26D4F9E200DF68D2 /* Controller.swift in Sources */,
				55A6638726D4F9E200DF68D2 /* AppDelegate.swift in Sources */,
				551F1C6B26E76A4500DA7B3A /* Views.swift in Sources */,
				55A6638926D4F9E200DF68D2 /* SceneDelegate.swift in Sources */,
				551F1C6926E76A3600DA7B3A /* Models.swift in Sources */,
			);
			runOnlyForDeploymentPostprocessing = 0;
		};
/* End PBXSourcesBuildPhase section */

/* Begin PBXVariantGroup section */
		55A6639126D4F9E400DF68D2 /* LaunchScreen.storyboard */ = {
			isa = PBXVariantGroup;
			children = (
				55A6639226D4F9E400DF68D2 /* Base */,
			);
			name = LaunchScreen.storyboard;
			sourceTree = "<group>";
		};
/* End PBXVariantGroup section */

/* Begin XCBuildConfiguration section */
		55A6639526D4F9E400DF68D2 /* Debug */ = {
			isa = XCBuildConfiguration;
			buildSettings = {
				ALWAYS_SEARCH_USER_PATHS = NO;
				CLANG_ANALYZER_NONNULL = YES;
				CLANG_ANALYZER_NUMBER_OBJECT_CONVERSION = YES_AGGRESSIVE;
				CLANG_CXX_LANGUAGE_STANDARD = "gnu++14";
				CLANG_CXX_LIBRARY = "libc++";
				CLANG_ENABLE_MODULES = YES;
				CLANG_ENABLE_OBJC_ARC = YES;
				CLANG_ENABLE_OBJC_WEAK = YES;
				CLANG_WARN_BLOCK_CAPTURE_AUTORELEASING = YES;
				CLANG_WARN_BOOL_CONVERSION = YES;
				CLANG_WARN_COMMA = YES;
				CLANG_WARN_CONSTANT_CONVERSION = YES;
				CLANG_WARN_DEPRECATED_OBJC_IMPLEMENTATIONS = YES;
				CLANG_WARN_DIRECT_OBJC_ISA_USAGE = YES_ERROR;
				CLANG_WARN_DOCUMENTATION_COMMENTS = YES;
				CLANG_WARN_EMPTY_BODY = YES;
				CLANG_WARN_ENUM_CONVERSION = YES;
				CLANG_WARN_INFINITE_RECURSION = YES;
				CLANG_WARN_INT_CONVERSION = YES;
				CLANG_WARN_NON_LITERAL_NULL_CONVERSION = YES;
				CLANG_WARN_OBJC_IMPLICIT_RETAIN_SELF = YES;
				CLANG_WARN_OBJC_LITERAL_CONVERSION = YES;
				CLANG_WARN_OBJC_ROOT_CLASS = YES_ERROR;
				CLANG_WARN_QUOTED_INCLUDE_IN_FRAMEWORK_HEADER = YES;
				CLANG_WARN_RANGE_LOOP_ANALYSIS = YES;
				CLANG_WARN_STRICT_PROTOTYPES = YES;
				CLANG_WARN_SUSPICIOUS_MOVE = YES;
				CLANG_WARN_UNGUARDED_AVAILABILITY = YES_AGGRESSIVE;
				CLANG_WARN_UNREACHABLE_CODE = YES;
				CLANG_WARN__DUPLICATE_METHOD_MATCH = YES;
				COPY_PHASE_STRIP = NO;
				DEBUG_INFORMATION_FORMAT = dwarf;
				ENABLE_STRICT_OBJC_MSGSEND = YES;
				ENABLE_TESTABILITY = YES;
				GCC_C_LANGUAGE_STANDARD = gnu11;
				GCC_DYNAMIC_NO_PIC = NO;
				GCC_NO_COMMON_BLOCKS = YES;
				GCC_OPTIMIZATION_LEVEL = 0;
				GCC_PREPROCESSOR_DEFINITIONS = (
					"DEBUG=1",
					"$(inherited)",
				);
				GCC_WARN_64_TO_32_BIT_CONVERSION = YES;
				GCC_WARN_ABOUT_RETURN_TYPE = YES_ERROR;
				GCC_WARN_UNDECLARED_SELECTOR = YES;
				GCC_WARN_UNINITIALIZED_AUTOS = YES_AGGRESSIVE;
				GCC_WARN_UNUSED_FUNCTION = YES;
				GCC_WARN_UNUSED_VARIABLE = YES;
				IPHONEOS_DEPLOYMENT_TARGET = 14.5;
				MTL_ENABLE_DEBUG_INFO = INCLUDE_SOURCE;
				MTL_FAST_MATH = YES;
				ONLY_ACTIVE_ARCH = YES;
				SDKROOT = iphoneos;
				SWIFT_ACTIVE_COMPILATION_CONDITIONS = DEBUG;
				SWIFT_OPTIMIZATION_LEVEL = "-Onone";
			};
			name = Debug;
		};
		55A6639626D4F9E400DF68D2 /* Release */ = {
			isa = XCBuildConfiguration;
			buildSettings = {
				ALWAYS_SEARCH_USER_PATHS = NO;
				CLANG_ANALYZER_NONNULL = YES;
				CLANG_ANALYZER_NUMBER_OBJECT_CONVERSION = YES_AGGRESSIVE;
				CLANG_CXX_LANGUAGE_STANDARD = "gnu++14";
				CLANG_CXX_LIBRARY = "libc++";
				CLANG_ENABLE_MODULES = YES;
				CLANG_ENABLE_OBJC_ARC = YES;
				CLANG_ENABLE_OBJC_WEAK = YES;
				CLANG_WARN_BLOCK_CAPTURE_AUTORELEASING = YES;
				CLANG_WARN_BOOL_CONVERSION = YES;
				CLANG_WARN_COMMA = YES;
				CLANG_WARN_CONSTANT_CONVERSION = YES;
				CLANG_WARN_DEPRECATED_OBJC_IMPLEMENTATIONS = YES;
				CLANG_WARN_DIRECT_OBJC_ISA_USAGE = YES_ERROR;
				CLANG_WARN_DOCUMENTATION_COMMENTS = YES;
				CLANG_WARN_EMPTY_BODY = YES;
				CLANG_WARN_ENUM_CONVERSION = YES;
				CLANG_WARN_INFINITE_RECURSION = YES;
				CLANG_WARN_INT_CONVERSION = YES;
				CLANG_WARN_NON_LITERAL_NULL_CONVERSION = YES;
				CLANG_WARN_OBJC_IMPLICIT_RETAIN_SELF = YES;
				CLANG_WARN_OBJC_LITERAL_CONVERSION = YES;
				CLANG_WARN_OBJC_ROOT_CLASS = YES_ERROR;
				CLANG_WARN_QUOTED_INCLUDE_IN_FRAMEWORK_HEADER = YES;
				CLANG_WARN_RANGE_LOOP_ANALYSIS = YES;
				CLANG_WARN_STRICT_PROTOTYPES = YES;
				CLANG_WARN_SUSPICIOUS_MOVE = YES;
				CLANG_WARN_UNGUARDED_AVAILABILITY = YES_AGGRESSIVE;
				CLANG_WARN_UNREACHABLE_CODE = YES;
				CLANG_WARN__DUPLICATE_METHOD_MATCH = YES;
				COPY_PHASE_STRIP = NO;
				DEBUG_INFORMATION_FORMAT = "dwarf-with-dsym";
				ENABLE_NS_ASSERTIONS = NO;
				ENABLE_STRICT_OBJC_MSGSEND = YES;
				GCC_C_LANGUAGE_STANDARD = gnu11;
				GCC_NO_COMMON_BLOCKS = YES;
				GCC_WARN_64_TO_32_BIT_CONVERSION = YES;
				GCC_WARN_ABOUT_RETURN_TYPE = YES_ERROR;
				GCC_WARN_UNDECLARED_SELECTOR = YES;
				GCC_WARN_UNINITIALIZED_AUTOS = YES_AGGRESSIVE;
				GCC_WARN_UNUSED_FUNCTION = YES;
				GCC_WARN_UNUSED_VARIABLE = YES;
				IPHONEOS_DEPLOYMENT_TARGET = 14.5;
				MTL_ENABLE_DEBUG_INFO = NO;
				MTL_FAST_MATH = YES;
				SDKROOT = iphoneos;
				SWIFT_COMPILATION_MODE = wholemodule;
				SWIFT_OPTIMIZATION_LEVEL = "-O";
				VALIDATE_PRODUCT = YES;
			};
			name = Release;
		};
		55A6639826D4F9E400DF68D2 /* Debug */ = {
			isa = XCBuildConfiguration;
			buildSettings = {
				ASSETCATALOG_COMPILER_APPICON_NAME = AppIcon;
				ASSETCATALOG_COMPILER_GLOBAL_ACCENT_COLOR_NAME = AccentColor;
				CODE_SIGN_STYLE = Automatic;
				DEVELOPMENT_TEAM = 8STFK33237;
				INFOPLIST_FILE = "Puzzle-Character/Info.plist";
				LD_RUNPATH_SEARCH_PATHS = (
					"$(inherited)",
					"@executable_path/Frameworks",
				);
				PRODUCT_BUNDLE_IDENTIFIER = "wyq.Puzzle-Character";
				PRODUCT_NAME = "$(TARGET_NAME)";
				SWIFT_VERSION = 5.0;
				TARGETED_DEVICE_FAMILY = "1,2";
			};
			name = Debug;
		};
		55A6639926D4F9E400DF68D2 /* Release */ = {
			isa = XCBuildConfiguration;
			buildSettings = {
				ASSETCATALOG_COMPILER_APPICON_NAME = AppIcon;
				ASSETCATALOG_COMPILER_GLOBAL_ACCENT_COLOR_NAME = AccentColor;
				CODE_SIGN_STYLE = Automatic;
				DEVELOPMENT_TEAM = 8STFK33237;
				INFOPLIST_FILE = "Puzzle-Character/Info.plist";
				LD_RUNPATH_SEARCH_PATHS = (
					"$(inherited)",
					"@executable_path/Frameworks",
				);
				PRODUCT_BUNDLE_IDENTIFIER = "wyq.Puzzle-Character";
				PRODUCT_NAME = "$(TARGET_NAME)";
				SWIFT_VERSION = 5.0;
				TARGETED_DEVICE_FAMILY = "1,2";
			};
			name = Release;
		};
/* End XCBuildConfiguration section */

/* Begin XCConfigurationList section */
		55A6637E26D4F9E200DF68D2 /* Build configuration list for PBXProject "Puzzle-Character" */ = {
			isa = XCConfigurationList;
			buildConfigurations = (
				55A6639526D4F9E400DF68D2 /* Debug */,
				55A6639626D4F9E400DF68D2 /* Release */,
			);
			defaultConfigurationIsVisible = 0;
			defaultConfigurationName = Release;
		};
		55A6639726D4F9E400DF68D2 /* Build configuration list for PBXNativeTarget "Puzzle-Character" */ = {
			isa = XCConfigurationList;
			buildConfigurations = (
				55A6639826D4F9E400DF68D2 /* Debug */,
				55A6639926D4F9E400DF68D2 /* Release */,
			);
			defaultConfigurationIsVisible = 0;
			defaultConfigurationName = Release;
		};
/* End XCConfigurationList section */
	};
	rootObject = 55A6637B26D4F9E200DF68D2 /* Project object */;
}
